
Microsoft Visual Studio Solution File, Format Version 12.00
# Visual Studio Version 16
VisualStudioVersion = 16.0.31515.178
MinimumVisualStudioVersion = 10.0.40219.1
Project("{FAE04EC0-301F-11D3-BF4B-00C04F79EFBC}") = "WCCI CSharp Checkpoint 1", "WCCI CSharp Checkpoint 1\WCCI CSharp Checkpoint 1.csproj", "{ABEE858C-29C1-41DA-B798-4A5450C5F35E}"
EndProject
Global
	GlobalSection(SolutionConfigurationPlatforms) = preSolution
		Debug|Any CPU = Debug|Any CPU
		Release|Any CPU = Release|Any CPU
	EndGlobalSection
	GlobalSection(ProjectConfigurationPlatforms) = postSolution
		{ABEE858C-29C1-41DA-B798-4A5450C5F35E}.Debug|Any CPU.ActiveCfg = Debug|Any CPU
		{ABEE858C-29C1-41DA-B798-4A5450C5F35E}.Debug|Any CPU.Build.0 = Debug|Any CPU
		{ABEE858C-29C1-41DA-B798-4A5450C5F35E}.Release|Any CPU.ActiveCfg = Release|Any CPU
		{ABEE858C-29C1-41DA-B798-4A5450C5F35E}.Release|Any CPU.Build.0 = Release|Any CPU
	EndGlobalSection
	GlobalSection(SolutionProperties) = preSolution
		HideSolutionNode = FALSE
	EndGlobalSection
	GlobalSection(ExtensibilityGlobals) = postSolution
		SolutionGuid = {370B3380-9630-433A-8D19-49EC3D0A6C29}
	EndGlobalSection
EndGlobal
